
Microsoft Visual Studio Solution File, Format Version 12.00
# Visual Studio Version 17
VisualStudioVersion = 17.9.34728.123
MinimumVisualStudioVersion = 10.0.40219.1
Project("{9A19103F-16F7-4668-BE54-9A1E7A4F7556}") = "euro.next", "euro.next\euro.next.csproj", "{AB53447F-EF14-4B0E-BF6E-624A0A5A32F0}"
EndProject
Project("{FAE04EC0-301F-11D3-BF4B-00C04F79EFBC}") = "euro.next.test", "euro.next.test\euro.next.test.csproj", "{63FDCD81-624A-4B0D-B78A-D89943058AEC}"
EndProject
Global
	GlobalSection(SolutionConfigurationPlatforms) = preSolution
		Debug|Any CPU = Debug|Any CPU
		Release|Any CPU = Release|Any CPU
	EndGlobalSection
	GlobalSection(ProjectConfigurationPlatforms) = postSolution
		{AB53447F-EF14-4B0E-BF6E-624A0A5A32F0}.Debug|Any CPU.ActiveCfg = Debug|Any CPU
		{AB53447F-EF14-4B0E-BF6E-624A0A5A32F0}.Debug|Any CPU.Build.0 = Debug|Any CPU
		{AB53447F-EF14-4B0E-BF6E-624A0A5A32F0}.Release|Any CPU.ActiveCfg = Release|Any CPU
		{AB53447F-EF14-4B0E-BF6E-624A0A5A32F0}.Release|Any CPU.Build.0 = Release|Any CPU
		{63FDCD81-624A-4B0D-B78A-D89943058AEC}.Debug|Any CPU.ActiveCfg = Debug|Any CPU
		{63FDCD81-624A-4B0D-B78A-D89943058AEC}.Debug|Any CPU.Build.0 = Debug|Any CPU
		{63FDCD81-624A-4B0D-B78A-D89943058AEC}.Release|Any CPU.ActiveCfg = Release|Any CPU
		{63FDCD81-624A-4B0D-B78A-D89943058AEC}.Release|Any CPU.Build.0 = Release|Any CPU
	EndGlobalSection
	GlobalSection(SolutionProperties) = preSolution
		HideSolutionNode = FALSE
	EndGlobalSection
	GlobalSection(ExtensibilityGlobals) = postSolution
		SolutionGuid = {70A3F372-1C37-4518-8A32-94A20CA8E596}
	EndGlobalSection
EndGlobal
